
Microsoft Visual Studio Solution File, Format Version 12.00
# Visual Studio Version 16
VisualStudioVersion = 16.0.31313.79
MinimumVisualStudioVersion = 10.0.40219.1
Project("{FAE04EC0-301F-11D3-BF4B-00C04F79EFBC}") = "TrainForm", "TrainForm\TrainForm.csproj", "{A862E204-EC42-4FC6-889C-90ABE6BAD038}"
EndProject
Global
	GlobalSection(SolutionConfigurationPlatforms) = preSolution
		Debug|Any CPU = Debug|Any CPU
		Release|Any CPU = Release|Any CPU
	EndGlobalSection
	GlobalSection(ProjectConfigurationPlatforms) = postSolution
		{A862E204-EC42-4FC6-889C-90ABE6BAD038}.Debug|Any CPU.ActiveCfg = Debug|Any CPU
		{A862E204-EC42-4FC6-889C-90ABE6BAD038}.Debug|Any CPU.Build.0 = Debug|Any CPU
		{A862E204-EC42-4FC6-889C-90ABE6BAD038}.Release|Any CPU.ActiveCfg = Release|Any CPU
		{A862E204-EC42-4FC6-889C-90ABE6BAD038}.Release|Any CPU.Build.0 = Release|Any CPU
	EndGlobalSection
	GlobalSection(SolutionProperties) = preSolution
		HideSolutionNode = FALSE
	EndGlobalSection
	GlobalSection(ExtensibilityGlobals) = postSolution
		SolutionGuid = {25869AA6-FD09-433A-A1B6-EB0EB6A6E69E}
	EndGlobalSection
EndGlobal
